
Microsoft Visual Studio Solution File, Format Version 12.00
# Visual Studio Version 16
VisualStudioVersion = 16.0.30717.126
MinimumVisualStudioVersion = 10.0.40219.1
Project("{FAE04EC0-301F-11D3-BF4B-00C04F79EFBC}") = "PCBS03-3-student-housing", "PCBS03-3-student-housing\PCBS03-3-student-housing.csproj", "{1E0EDF05-09B3-4AAA-B393-7ED51C064E99}"
EndProject
Global
	GlobalSection(SolutionConfigurationPlatforms) = preSolution
		Debug|Any CPU = Debug|Any CPU
		Release|Any CPU = Release|Any CPU
	EndGlobalSection
	GlobalSection(ProjectConfigurationPlatforms) = postSolution
		{1E0EDF05-09B3-4AAA-B393-7ED51C064E99}.Debug|Any CPU.ActiveCfg = Debug|Any CPU
		{1E0EDF05-09B3-4AAA-B393-7ED51C064E99}.Debug|Any CPU.Build.0 = Debug|Any CPU
		{1E0EDF05-09B3-4AAA-B393-7ED51C064E99}.Release|Any CPU.ActiveCfg = Release|Any CPU
		{1E0EDF05-09B3-4AAA-B393-7ED51C064E99}.Release|Any CPU.Build.0 = Release|Any CPU
	EndGlobalSection
	GlobalSection(SolutionProperties) = preSolution
		HideSolutionNode = FALSE
	EndGlobalSection
	GlobalSection(ExtensibilityGlobals) = postSolution
		SolutionGuid = {3CC12B09-5A28-46BA-9BF4-F457BC7353A8}
	EndGlobalSection
EndGlobal
